<?xml version="1.0" encoding="utf-8"?>
<Project ToolsVersion="4.0" xmlns="http://schemas.microsoft.com/developer/msbuild/2003">
  <ItemGroup>
    <Filter Include="Form Files">
      <UniqueIdentifier>{99349809-55BA-4b9d-BF79-8FDBB0286EB3}</UniqueIdentifier>
      <Extensions>ui</Extensions>
      <ParseFiles>false</ParseFiles>
    </Filter>
    <Filter Include="Form Files">
      <UniqueIdentifier>{99349809-55BA-4b9d-BF79-8FDBB0286EB3}</UniqueIdentifier>
      <Extensions>ui</Extensions>
      <ParseFiles>false</ParseFiles>
    </Filter>
    <Filter Include="Generated Files">
      <UniqueIdentifier>{71ED8ED8-ACB9-4CE9-BBE1-E00B30144E11}</UniqueIdentifier>
      <Extensions>cpp;c;cxx;moc;h;def;odl;idl;res;</Extensions>
    </Filter>
    <Filter Include="Generated Files">
      <UniqueIdentifier>{71ED8ED8-ACB9-4CE9-BBE1-E00B30144E11}</UniqueIdentifier>
      <Extensions>cpp;c;cxx;moc;h;def;odl;idl;res;</Extensions>
    </Filter>
    <Filter Include="Header Files">
      <UniqueIdentifier>{93995380-89BD-4b04-88EB-625FBE52EBFB}</UniqueIdentifier>
      <Extensions>h;hpp;hxx;hm;inl;inc;xsd</Extensions>
    </Filter>
    <Filter Include="Header Files">
      <UniqueIdentifier>{93995380-89BD-4b04-88EB-625FBE52EBFB}</UniqueIdentifier>
      <Extensions>h;hpp;hxx;hm;inl;inc;xsd</Extensions>
    </Filter>
    <Filter Include="Source Files">
      <UniqueIdentifier>{4FC737F1-C7A5-4376-A066-2A32D752A2FF}</UniqueIdentifier>
      <Extensions>cpp;c;cxx;def;odl;idl;hpj;bat;asm;asmx</Extensions>
    </Filter>
    <Filter Include="Source Files">
      <UniqueIdentifier>{4FC737F1-C7A5-4376-A066-2A32D752A2FF}</UniqueIdentifier>
      <Extensions>cpp;c;cxx;def;odl;idl;hpj;bat;asm;asmx</Extensions>
    </Filter>
    <Filter Include="Generated Files\Debug">
      <UniqueIdentifier>{b7fb0a6d-e634-4c4a-a1a1-1046f1163e9f}</UniqueIdentifier>
      <Extensions>cpp;moc</Extensions>
      <SourceControlFiles>False</SourceControlFiles>
    </Filter>
    <Filter Include="Generated Files\Release">
      <UniqueIdentifier>{9efbcfe7-76eb-41be-84fc-a198b7fc8603}</UniqueIdentifier>
      <Extensions>cpp;moc</Extensions>
      <SourceControlFiles>False</SourceControlFiles>
    </Filter>
    <Filter Include="Resource Files">
      <UniqueIdentifier>{D9D6E242-F8AF-46E4-B9FD-80ECBC20BA3E}</UniqueIdentifier>
      <Extensions>qrc;*</Extensions>
      <ParseFiles>false</ParseFiles>
    </Filter>
    <Filter Include="Bean">
      <UniqueIdentifier>{cf5a5513-a3b1-43bf-994c-bd50d1da0193}</UniqueIdentifier>
    </Filter>
  </ItemGroup>
  <ItemGroup>
    <ClCompile Include="..\adri\gui\AdriViewer.cpp">
      <Filter>Source Files</Filter>
    </ClCompile>
    <ClCompile Include="..\adri\DataStructures\Animation.cpp">
      <Filter>Source Files</Filter>
    </ClCompile>
    <ClCompile Include="..\adri\DataStructures\AnimationManager.cpp">
      <Filter>Source Files</Filter>
    </ClCompile>
    <ClCompile Include="..\adri\DataStructures\Cage.cpp">
      <Filter>Source Files</Filter>
    </ClCompile>
    <ClCompile Include="..\adri\DataStructures\DataStructures.cpp">
      <Filter>Source Files</Filter>
    </ClCompile>
    <ClCompile Include="..\adri\DataStructures\Deformer.cpp">
      <Filter>Source Files</Filter>
    </ClCompile>
    <ClCompile Include="..\adri\gui\DrawObject.cpp">
      <Filter>Source Files</Filter>
    </ClCompile>
    <ClCompile Include="..\adri\DataStructures\Geometry.cpp">
      <Filter>Source Files</Filter>
    </ClCompile>
    <ClCompile Include="..\adri\render\GeometryRender.cpp">
      <Filter>Source Files</Filter>
    </ClCompile>
    <ClCompile Include="..\adri\DataStructures\InteriorDistancesData.cpp">
      <Filter>Source Files</Filter>
    </ClCompile>
    <ClCompile Include="..\adri\gui\KeyframeBar.cpp">
      <Filter>Source Files</Filter>
    </ClCompile>
    <ClCompile Include="..\adri\DataStructures\Modelo.cpp">
      <Filter>Source Files</Filter>
    </ClCompile>
    <ClCompile Include="..\adri\DataStructures\Node.cpp">
      <Filter>Source Files</Filter>
    </ClCompile>
    <ClCompile Include="..\adri\DataStructures\Object.cpp">
      <Filter>Source Files</Filter>
    </ClCompile>
    <ClCompile Include="..\adri\DataStructures\Scene.cpp">
      <Filter>Source Files</Filter>
    </ClCompile>
    <ClCompile Include="..\adri\DataStructures\SurfaceData.cpp">
      <Filter>Source Files</Filter>
    </ClCompile>
    <ClCompile Include="..\adri\utils\UtilQT.cpp">
      <Filter>Source Files</Filter>
    </ClCompile>
    <ClCompile Include="..\adri\gui\bar.cpp">
      <Filter>Source Files</Filter>
    </ClCompile>
    <ClCompile Include="..\adri\render\clipingPlaneRender.cpp">
      <Filter>Source Files</Filter>
    </ClCompile>
    <ClCompile Include="..\adri\DataStructures\grid3D.cpp">
      <Filter>Source Files</Filter>
    </ClCompile>
    <ClCompile Include="..\adri\render\gridRender.cpp">
      <Filter>Source Files</Filter>
    </ClCompile>
    <ClCompile Include="..\adri\gui\guicon.cpp">
      <Filter>Source Files</Filter>
    </ClCompile>
    <ClCompile Include="..\adri\utils\ioWeights.cpp">
      <Filter>Source Files</Filter>
    </ClCompile>
    <ClCompile Include="main.cpp">
      <Filter>Source Files</Filter>
    </ClCompile>
    <ClCompile Include="..\adri\gui\manipulatedFrameSetConstraint.cpp">
      <Filter>Source Files</Filter>
    </ClCompile>
    <ClCompile Include="..\adri\render\modeloRender.cpp">
      <Filter>Source Files</Filter>
    </ClCompile>
    <ClCompile Include="..\adri\gui\outliner.cpp">
      <Filter>Source Files</Filter>
    </ClCompile>
    <ClCompile Include="..\adri\gui\selectionManager.cpp">
      <Filter>Source Files</Filter>
    </ClCompile>
    <ClCompile Include="..\adri\render\shadingNode.cpp">
      <Filter>Source Files</Filter>
    </ClCompile>
    <ClCompile Include="..\adri\DataStructures\skeleton.cpp">
      <Filter>Source Files</Filter>
    </ClCompile>
    <ClCompile Include="..\adri\render\skeletonRender.cpp">
      <Filter>Source Files</Filter>
    </ClCompile>
    <ClCompile Include="..\adri\gui\treeitem.cpp">
      <Filter>Source Files</Filter>
    </ClCompile>
    <ClCompile Include="..\adri\gui\treemodel.cpp">
      <Filter>Source Files</Filter>
    </ClCompile>
    <ClCompile Include="..\adri\utils\util.cpp">
      <Filter>Source Files</Filter>
    </ClCompile>
    <ClCompile Include="Debug\moc_AdriViewer.cpp">
      <Filter>Generated Files\Debug</Filter>
    </ClCompile>
    <ClCompile Include="Release\moc_AdriViewer.cpp">
      <Filter>Generated Files\Release</Filter>
    </ClCompile>
    <ClCompile Include="Debug\moc_BeanViewer.cpp">
      <Filter>Generated Files\Debug</Filter>
    </ClCompile>
    <ClCompile Include="Release\moc_BeanViewer.cpp">
      <Filter>Generated Files\Release</Filter>
    </ClCompile>
    <ClCompile Include="Debug\moc_KeyframeBar.cpp">
      <Filter>Generated Files\Debug</Filter>
    </ClCompile>
    <ClCompile Include="Release\moc_KeyframeBar.cpp">
      <Filter>Generated Files\Release</Filter>
    </ClCompile>
    <ClCompile Include="Debug\moc_treemodel.cpp">
      <Filter>Generated Files\Debug</Filter>
    </ClCompile>
    <ClCompile Include="Release\moc_treemodel.cpp">
      <Filter>Generated Files\Release</Filter>
    </ClCompile>
    <ClCompile Include="..\adri\DataStructures\Skinning.cpp">
      <Filter>Source Files</Filter>
    </ClCompile>
    <ClCompile Include="solvers\Solver.cpp">
      <Filter>Bean</Filter>
    </ClCompile>
    <ClCompile Include="solvers\SolverChain.cpp">
      <Filter>Bean</Filter>
    </ClCompile>
    <ClCompile Include="solvers\SolverManager.cpp">
      <Filter>Bean</Filter>
    </ClCompile>
    <ClCompile Include="solvers\SolverSinusoidal.cpp">
      <Filter>Bean</Filter>
    </ClCompile>
    <ClCompile Include="solvers\SolverStatic.cpp">
      <Filter>Bean</Filter>
    </ClCompile>
    <ClCompile Include="solvers\SolverVerlet.cpp">
      <Filter>Bean</Filter>
    </ClCompile>
    <ClCompile Include="..\adri\gui\adrimainwindow.cpp">
      <Filter>Source Files</Filter>
    </ClCompile>
    <ClCompile Include="Debug\moc_adrimainwindow.cpp">
      <Filter>Generated Files\Debug</Filter>
    </ClCompile>
    <ClCompile Include="Release\moc_adrimainwindow.cpp">
      <Filter>Generated Files\Release</Filter>
    </ClCompile>
    <ClCompile Include="mainwindow.cpp">
      <Filter>Bean</Filter>
    </ClCompile>
    <ClCompile Include="Debug\moc_mainwindow.cpp">
      <Filter>Generated Files\Debug</Filter>
    </ClCompile>
    <ClCompile Include="Release\moc_mainwindow.cpp">
      <Filter>Generated Files\Release</Filter>
    </ClCompile>
    <ClCompile Include="Particles.cpp">
      <Filter>Bean</Filter>
    </ClCompile>
    <ClCompile Include="BeanViewer.cpp">
      <Filter>Bean</Filter>
    </ClCompile>
    <ClCompile Include="GeneratedFiles\qrc_modelViewerResources.cpp">
      <Filter>Generated Files</Filter>
    </ClCompile>
    <ClCompile Include="solvers\SolverLook.cpp">
      <Filter>Bean</Filter>
    </ClCompile>
    <ClCompile Include="solvers\SolverLook.cpp">
      <Filter>Bean</Filter>
    </ClCompile>
  </ItemGroup>
  <ItemGroup>
    <CustomBuild Include="..\adri\gui\AdriViewer.h">
      <Filter>Header Files</Filter>
    </CustomBuild>
    <ClInclude Include="..\adri\DataStructures\Animation.h">
      <Filter>Header Files</Filter>
    </ClInclude>
    <ClInclude Include="..\adri\DataStructures\AnimationManager.h">
      <Filter>Header Files</Filter>
    </ClInclude>
    <ClInclude Include="..\adri\DataStructures\Cage.h">
      <Filter>Header Files</Filter>
    </ClInclude>
    <ClInclude Include="..\adri\DataStructures\DataStructures.h">
      <Filter>Header Files</Filter>
    </ClInclude>
    <ClInclude Include="..\adri\DataStructures\DefNode.h">
      <Filter>Header Files</Filter>
    </ClInclude>
    <ClInclude Include="..\adri\DataStructures\Deformer.h">
      <Filter>Header Files</Filter>
    </ClInclude>
    <ClInclude Include="..\adri\gui\DrawObject.h">
      <Filter>Header Files</Filter>
    </ClInclude>
    <ClInclude Include="..\adri\DataStructures\Geometry.h">
      <Filter>Header Files</Filter>
    </ClInclude>
    <ClInclude Include="..\adri\render\GeometryRender.h">
      <Filter>Header Files</Filter>
    </ClInclude>
    <ClInclude Include="..\adri\DataStructures\InteriorDistancesData.h">
      <Filter>Header Files</Filter>
    </ClInclude>
    <CustomBuild Include="..\adri\gui\KeyframeBar.h">
      <Filter>Header Files</Filter>
    </CustomBuild>
    <ClInclude Include="..\adri\DataStructures\Modelo.h">
      <Filter>Header Files</Filter>
    </ClInclude>
    <ClInclude Include="..\adri\DataStructures\Node.h">
      <Filter>Header Files</Filter>
    </ClInclude>
    <ClInclude Include="..\adri\DataStructures\Object.h">
      <Filter>Header Files</Filter>
    </ClInclude>
    <ClInclude Include="..\adri\DataStructures\Scene.h">
      <Filter>Header Files</Filter>
    </ClInclude>
    <ClInclude Include="..\adri\gui\SelectionManager.h">
      <Filter>Header Files</Filter>
    </ClInclude>
    <ClInclude Include="..\adri\DataStructures\SurfaceData.h">
      <Filter>Header Files</Filter>
    </ClInclude>
    <ClInclude Include="..\adri\utils\UtilQT.h">
      <Filter>Header Files</Filter>
    </ClInclude>
    <ClInclude Include="..\adri\gui\bar.h">
      <Filter>Header Files</Filter>
    </ClInclude>
    <ClInclude Include="..\adri\render\clipingPlaneRender.h">
      <Filter>Header Files</Filter>
    </ClInclude>
    <ClInclude Include="..\adri\DataStructures\grid3D.h">
      <Filter>Header Files</Filter>
    </ClInclude>
    <ClInclude Include="..\adri\render\gridRender.h">
      <Filter>Header Files</Filter>
    </ClInclude>
    <ClInclude Include="..\adri\gui\guicon.h">
      <Filter>Header Files</Filter>
    </ClInclude>
    <ClInclude Include="..\adri\utils\ioWeights.h">
      <Filter>Header Files</Filter>
    </ClInclude>
    <ClInclude Include="..\adri\gui\manipulatedFrameSetConstraint.h">
      <Filter>Header Files</Filter>
    </ClInclude>
    <ClInclude Include="..\adri\render\modeloRender.h">
      <Filter>Header Files</Filter>
    </ClInclude>
    <ClInclude Include="..\adri\gui\outliner.h">
      <Filter>Header Files</Filter>
    </ClInclude>
    <ClInclude Include="..\adri\render\shadingNode.h">
      <Filter>Header Files</Filter>
    </ClInclude>
    <ClInclude Include="..\adri\DataStructures\skeleton.h">
      <Filter>Header Files</Filter>
    </ClInclude>
    <ClInclude Include="..\adri\render\skeletonRender.h">
      <Filter>Header Files</Filter>
    </ClInclude>
    <ClInclude Include="..\adri\gui\treeitem.h">
      <Filter>Header Files</Filter>
    </ClInclude>
    <CustomBuild Include="..\adri\gui\treemodel.h">
      <Filter>Header Files</Filter>
    </CustomBuild>
    <ClInclude Include="..\adri\utils\util.h">
      <Filter>Header Files</Filter>
    </ClInclude>
    <ClInclude Include="..\adri\utils\utilGL.h">
      <Filter>Header Files</Filter>
    </ClInclude>
    <CustomBuild Include="..\adri\gui\adrimainwindow.h">
      <Filter>Header Files</Filter>
    </CustomBuild>
    <CustomBuild Include="..\adri\gui\mainwindow.ui">
      <Filter>Form Files</Filter>
    </CustomBuild>
    <CustomBuild Include="mainwindow.h">
      <Filter>Bean</Filter>
    </CustomBuild>
    <CustomBuild Include="BeanViewer.h">
      <Filter>Bean</Filter>
    </CustomBuild>
    <CustomBuild Include="..\adri\gui\modelViewerResources.qrc">
      <Filter>Resource Files</Filter>
    </CustomBuild>
  </ItemGroup>
  <ItemGroup>
    <ClInclude Include="..\adri\DataStructures\Skinning.h">
      <Filter>Header Files</Filter>
    </ClInclude>
    <ClInclude Include="..\adri\DataStructures\Transform.h">
      <Filter>Header Files</Filter>
    </ClInclude>
    <ClInclude Include="solvers\Solver.h">
      <Filter>Bean</Filter>
    </ClInclude>
    <ClInclude Include="solvers\SolverChain.h">
      <Filter>Bean</Filter>
    </ClInclude>
    <ClInclude Include="solvers\SolverManager.h">
      <Filter>Bean</Filter>
    </ClInclude>
    <ClInclude Include="solvers\SolverSinusoidal.h">
      <Filter>Bean</Filter>
    </ClInclude>
    <ClInclude Include="solvers\SolverStatic.h">
      <Filter>Bean</Filter>
    </ClInclude>
    <ClInclude Include="solvers\SolverVerlet.h">
      <Filter>Bean</Filter>
    </ClInclude>
    <ClInclude Include="GeneratedFiles\ui_mainwindow.h">
      <Filter>Generated Files</Filter>
    </ClInclude>
    <ClInclude Include="Particles.h">
      <Filter>Bean</Filter>
    </ClInclude>
    <ClInclude Include="solvers\SolverLook.h">
      <Filter>Bean</Filter>
    </ClInclude>
    <ClInclude Include="solvers\SolverLook.h">
      <Filter>Bean</Filter>
    </ClInclude>
    <ClInclude Include="Box3.h">
      <Filter>Header Files</Filter>
    </ClInclude>
  </ItemGroup>
  <ItemGroup>
    <Image Include="..\..\beanProject\adri\gui\icons\allIcons.png">
      <Filter>Resource Files</Filter>
    </Image>
    <Image Include="..\..\beanProject\adri\gui\icons\barra_color.jpg">
      <Filter>Resource Files</Filter>
    </Image>
    <Image Include="..\..\beanProject\adri\gui\icons\folder-icon.gif">
      <Filter>Resource Files</Filter>
    </Image>
    <Image Include="..\..\beanProject\adri\gui\icons\folder-icon.png">
      <Filter>Resource Files</Filter>
    </Image>
    <Image Include="..\..\beanProject\adri\gui\icons\moveIcon.png">
      <Filter>Resource Files</Filter>
    </Image>
    <Image Include="..\..\beanProject\adri\gui\icons\moveIcon_on.png">
      <Filter>Resource Files</Filter>
    </Image>
    <Image Include="..\..\beanProject\adri\gui\icons\mvc_icon.png">
      <Filter>Resource Files</Filter>
    </Image>
    <Image Include="..\..\beanProject\adri\gui\icons\rotateIcon.png">
      <Filter>Resource Files</Filter>
    </Image>
    <Image Include="..\..\beanProject\adri\gui\icons\rotateIcon_on.png">
      <Filter>Resource Files</Filter>
    </Image>
    <Image Include="..\..\beanProject\adri\gui\icons\seleccion_obj_off.png">
      <Filter>Resource Files</Filter>
    </Image>
    <Image Include="..\..\beanProject\adri\gui\icons\seleccion_obj_on.png">
      <Filter>Resource Files</Filter>
    </Image>
    <Image Include="..\..\beanProject\adri\gui\icons\seleccion_subobj_off.png">
      <Filter>Resource Files</Filter>
    </Image>
    <Image Include="..\..\beanProject\adri\gui\icons\seleccion_subobj_on.png">
      <Filter>Resource Files</Filter>
    </Image>
    <Image Include="..\..\beanProject\adri\gui\icons\select_icon.png">
      <Filter>Resource Files</Filter>
    </Image>
    <Image Include="..\..\beanProject\adri\gui\icons\selectionIcon.png">
      <Filter>Resource Files</Filter>
    </Image>
    <Image Include="..\..\beanProject\adri\gui\icons\selectionIcon_on.png">
      <Filter>Resource Files</Filter>
    </Image>
    <Image Include="..\adri\gui\icons\moveIcon.png">
      <Filter>Resource Files</Filter>
    </Image>
    <Image Include="..\adri\gui\icons\moveIcon_on.png">
      <Filter>Resource Files</Filter>
    </Image>
    <Image Include="..\adri\gui\icons\rotateIcon.png">
      <Filter>Resource Files</Filter>
    </Image>
    <Image Include="..\adri\gui\icons\rotateIcon_on.png">
      <Filter>Resource Files</Filter>
    </Image>
    <Image Include="..\adri\gui\icons\selectionIcon.png">
      <Filter>Resource Files</Filter>
    </Image>
    <Image Include="..\adri\gui\icons\selectionIcon_on.png">
      <Filter>Resource Files</Filter>
    </Image>
    <Image Include="..\adri\gui\icons\seleccion_obj_off.png">
      <Filter>Resource Files</Filter>
    </Image>
    <Image Include="..\adri\gui\icons\seleccion_obj_on.png">
      <Filter>Resource Files</Filter>
    </Image>
    <Image Include="..\adri\gui\icons\seleccion_subobj_off.png">
      <Filter>Resource Files</Filter>
    </Image>
    <Image Include="..\adri\gui\icons\seleccion_subobj_on.png">
      <Filter>Resource Files</Filter>
    </Image>
    <Image Include="..\adri\gui\icons\barra_color.jpg">
      <Filter>Resource Files</Filter>
    </Image>
    <Image Include="..\adri\gui\icons\folder-icon.png">
      <Filter>Resource Files</Filter>
    </Image>
  </ItemGroup>
</Project>